// !$*UTF8*$!
{
	archiveVersion = 1;
	classes = {
	};
	objectVersion = 56;
	objects = {

/* Begin PBXBuildFile section */
		B37C0CBA2B636B3B00FC1C58 /* AppDelegate.swift in Sources */ = {isa = PBXBuildFile; fileRef = B37C0CB92B636B3B00FC1C58 /* AppDelegate.swift */; };
		B37C0CBC2B636B3B00FC1C58 /* SceneDelegate.swift in Sources */ = {isa = PBXBuildFile; fileRef = B37C0CBB2B636B3B00FC1C58 /* SceneDelegate.swift */; };
		B37C0CBE2B636B3B00FC1C58 /* MainViewController.swift in Sources */ = {isa = PBXBuildFile; fileRef = B37C0CBD2B636B3B00FC1C58 /* MainViewController.swift */; };
		B37C0CC12B636B3B00FC1C58 /* Main.storyboard in Resources */ = {isa = PBXBuildFile; fileRef = B37C0CBF2B636B3B00FC1C58 /* Main.storyboard */; };
		B37C0CC32B636B3D00FC1C58 /* Assets.xcassets in Resources */ = {isa = PBXBuildFile; fileRef = B37C0CC22B636B3D00FC1C58 /* Assets.xcassets */; };
		B37C0CC62B636B3D00FC1C58 /* LaunchScreen.storyboard in Resources */ = {isa = PBXBuildFile; fileRef = B37C0CC42B636B3D00FC1C58 /* LaunchScreen.storyboard */; };
		B37C0CCE2B636E0D00FC1C58 /* VCPreview.swift in Sources */ = {isa = PBXBuildFile; fileRef = B37C0CCD2B636E0D00FC1C58 /* VCPreview.swift */; };
		B37C0CD12B63764800FC1C58 /* UIView+ext.swift in Sources */ = {isa = PBXBuildFile; fileRef = B37C0CD02B63764800FC1C58 /* UIView+ext.swift */; };
		B37C0CD42B637CAC00FC1C58 /* PugCollectionViewCell.swift in Sources */ = {isa = PBXBuildFile; fileRef = B37C0CD32B637CAC00FC1C58 /* PugCollectionViewCell.swift */; };
		B37C0CDA2B63953200FC1C58 /* PugData.swift in Sources */ = {isa = PBXBuildFile; fileRef = B37C0CD92B63953200FC1C58 /* PugData.swift */; };
		B37C0CDD2B63958600FC1C58 /* PugModel.swift in Sources */ = {isa = PBXBuildFile; fileRef = B37C0CDC2B63958600FC1C58 /* PugModel.swift */; };
		B37C0CE02B6396A400FC1C58 /* FetchDataService.swift in Sources */ = {isa = PBXBuildFile; fileRef = B37C0CDF2B6396A400FC1C58 /* FetchDataService.swift */; };
		B37C0CE32B63970E00FC1C58 /* JsonReader.swift in Sources */ = {isa = PBXBuildFile; fileRef = B37C0CE22B63970E00FC1C58 /* JsonReader.swift */; };
		B37C0CE62B63980B00FC1C58 /* WebError.swift in Sources */ = {isa = PBXBuildFile; fileRef = B37C0CE52B63980B00FC1C58 /* WebError.swift */; };
		B37C0CE92B63988500FC1C58 /* FetchDataProtocol.swift in Sources */ = {isa = PBXBuildFile; fileRef = B37C0CE82B63988500FC1C58 /* FetchDataProtocol.swift */; };
		B37C0CEB2B6398D400FC1C58 /* WebUrlProtocol.swift in Sources */ = {isa = PBXBuildFile; fileRef = B37C0CEA2B6398D400FC1C58 /* WebUrlProtocol.swift */; };
		B37C0CED2B63998800FC1C58 /* Datasource.swift in Sources */ = {isa = PBXBuildFile; fileRef = B37C0CEC2B63998800FC1C58 /* Datasource.swift */; };
		B37C0CF02B63A02200FC1C58 /* MainVCViewModel.swift in Sources */ = {isa = PBXBuildFile; fileRef = B37C0CEF2B63A02200FC1C58 /* MainVCViewModel.swift */; };
		B37C0CF22B63A07F00FC1C58 /* ObservableObject.swift in Sources */ = {isa = PBXBuildFile; fileRef = B37C0CF12B63A07F00FC1C58 /* ObservableObject.swift */; };
		B37C0CF42B63A56500FC1C58 /* PugViewModel.swift in Sources */ = {isa = PBXBuildFile; fileRef = B37C0CF32B63A56500FC1C58 /* PugViewModel.swift */; };
		B37C0CF72B63ACA800FC1C58 /* Kingfisher in Frameworks */ = {isa = PBXBuildFile; productRef = B37C0CF62B63ACA800FC1C58 /* Kingfisher */; };
/* End PBXBuildFile section */

/* Begin PBXFileReference section */
		B37C0CB62B636B3B00FC1C58 /* Solvedex Challenge.app */ = {isa = PBXFileReference; explicitFileType = wrapper.application; includeInIndex = 0; path = "Solvedex Challenge.app"; sourceTree = BUILT_PRODUCTS_DIR; };
		B37C0CB92B636B3B00FC1C58 /* AppDelegate.swift */ = {isa = PBXFileReference; lastKnownFileType = sourcecode.swift; path = AppDelegate.swift; sourceTree = "<group>"; };
		B37C0CBB2B636B3B00FC1C58 /* SceneDelegate.swift */ = {isa = PBXFileReference; lastKnownFileType = sourcecode.swift; path = SceneDelegate.swift; sourceTree = "<group>"; };
		B37C0CBD2B636B3B00FC1C58 /* MainViewController.swift */ = {isa = PBXFileReference; lastKnownFileType = sourcecode.swift; path = MainViewController.swift; sourceTree = "<group>"; };
		B37C0CC02B636B3B00FC1C58 /* Base */ = {isa = PBXFileReference; lastKnownFileType = file.storyboard; name = Base; path = Base.lproj/Main.storyboard; sourceTree = "<group>"; };
		B37C0CC22B636B3D00FC1C58 /* Assets.xcassets */ = {isa = PBXFileReference; lastKnownFileType = folder.assetcatalog; path = Assets.xcassets; sourceTree = "<group>"; };
		B37C0CC52B636B3D00FC1C58 /* Base */ = {isa = PBXFileReference; lastKnownFileType = file.storyboard; name = Base; path = Base.lproj/LaunchScreen.storyboard; sourceTree = "<group>"; };
		B37C0CC72B636B3D00FC1C58 /* Info.plist */ = {isa = PBXFileReference; lastKnownFileType = text.plist.xml; path = Info.plist; sourceTree = "<group>"; };
		B37C0CCD2B636E0D00FC1C58 /* VCPreview.swift */ = {isa = PBXFileReference; lastKnownFileType = sourcecode.swift; path = VCPreview.swift; sourceTree = "<group>"; };
		B37C0CD02B63764800FC1C58 /* UIView+ext.swift */ = {isa = PBXFileReference; lastKnownFileType = sourcecode.swift; path = "UIView+ext.swift"; sourceTree = "<group>"; };
		B37C0CD32B637CAC00FC1C58 /* PugCollectionViewCell.swift */ = {isa = PBXFileReference; lastKnownFileType = sourcecode.swift; path = PugCollectionViewCell.swift; sourceTree = "<group>"; };
		B37C0CD92B63953200FC1C58 /* PugData.swift */ = {isa = PBXFileReference; lastKnownFileType = sourcecode.swift; path = PugData.swift; sourceTree = "<group>"; };
		B37C0CDC2B63958600FC1C58 /* PugModel.swift */ = {isa = PBXFileReference; lastKnownFileType = sourcecode.swift; path = PugModel.swift; sourceTree = "<group>"; };
		B37C0CDF2B6396A400FC1C58 /* FetchDataService.swift */ = {isa = PBXFileReference; lastKnownFileType = sourcecode.swift; path = FetchDataService.swift; sourceTree = "<group>"; };
		B37C0CE22B63970E00FC1C58 /* JsonReader.swift */ = {isa = PBXFileReference; lastKnownFileType = sourcecode.swift; path = JsonReader.swift; sourceTree = "<group>"; };
		B37C0CE52B63980B00FC1C58 /* WebError.swift */ = {isa = PBXFileReference; lastKnownFileType = sourcecode.swift; path = WebError.swift; sourceTree = "<group>"; };
		B37C0CE82B63988500FC1C58 /* FetchDataProtocol.swift */ = {isa = PBXFileReference; lastKnownFileType = sourcecode.swift; path = FetchDataProtocol.swift; sourceTree = "<group>"; };
		B37C0CEA2B6398D400FC1C58 /* WebUrlProtocol.swift */ = {isa = PBXFileReference; lastKnownFileType = sourcecode.swift; path = WebUrlProtocol.swift; sourceTree = "<group>"; };
		B37C0CEC2B63998800FC1C58 /* Datasource.swift */ = {isa = PBXFileReference; lastKnownFileType = sourcecode.swift; path = Datasource.swift; sourceTree = "<group>"; };
		B37C0CEF2B63A02200FC1C58 /* MainVCViewModel.swift */ = {isa = PBXFileReference; lastKnownFileType = sourcecode.swift; path = MainVCViewModel.swift; sourceTree = "<group>"; };
		B37C0CF12B63A07F00FC1C58 /* ObservableObject.swift */ = {isa = PBXFileReference; lastKnownFileType = sourcecode.swift; path = ObservableObject.swift; sourceTree = "<group>"; };
		B37C0CF32B63A56500FC1C58 /* PugViewModel.swift */ = {isa = PBXFileReference; lastKnownFileType = sourcecode.swift; path = PugViewModel.swift; sourceTree = "<group>"; };
/* End PBXFileReference section */

/* Begin PBXFrameworksBuildPhase section */
		B37C0CB32B636B3B00FC1C58 /* Frameworks */ = {
			isa = PBXFrameworksBuildPhase;
			buildActionMask = 2147483647;
			files = (
				B37C0CF72B63ACA800FC1C58 /* Kingfisher in Frameworks */,
			);
			runOnlyForDeploymentPostprocessing = 0;
		};
/* End PBXFrameworksBuildPhase section */

/* Begin PBXGroup section */
		B37C0CAD2B636B3B00FC1C58 = {
			isa = PBXGroup;
			children = (
				B37C0CB82B636B3B00FC1C58 /* Solvedex Challenge */,
				B37C0CB72B636B3B00FC1C58 /* Products */,
			);
			sourceTree = "<group>";
		};
		B37C0CB72B636B3B00FC1C58 /* Products */ = {
			isa = PBXGroup;
			children = (
				B37C0CB62B636B3B00FC1C58 /* Solvedex Challenge.app */,
			);
			name = Products;
			sourceTree = "<group>";
		};
		B37C0CB82B636B3B00FC1C58 /* Solvedex Challenge */ = {
			isa = PBXGroup;
			children = (
				B37C0CEE2B639FA400FC1C58 /* ViewModel */,
				B37C0CE12B6396DB00FC1C58 /* Utils */,
				B37C0CDE2B63968900FC1C58 /* Services */,
				B37C0CD82B63951C00FC1C58 /* Model */,
				B37C0CD72B638A1700FC1C58 /* Datasource */,
				B37C0CD22B637C7700FC1C58 /* View */,
				B37C0CCF2B63763700FC1C58 /* extensions */,
				B37C0CB92B636B3B00FC1C58 /* AppDelegate.swift */,
				B37C0CBB2B636B3B00FC1C58 /* SceneDelegate.swift */,
				B37C0CBD2B636B3B00FC1C58 /* MainViewController.swift */,
				B37C0CBF2B636B3B00FC1C58 /* Main.storyboard */,
				B37C0CC22B636B3D00FC1C58 /* Assets.xcassets */,
				B37C0CC42B636B3D00FC1C58 /* LaunchScreen.storyboard */,
				B37C0CC72B636B3D00FC1C58 /* Info.plist */,
				B37C0CCD2B636E0D00FC1C58 /* VCPreview.swift */,
			);
			path = "Solvedex Challenge";
			sourceTree = "<group>";
		};
		B37C0CCF2B63763700FC1C58 /* extensions */ = {
			isa = PBXGroup;
			children = (
				B37C0CD02B63764800FC1C58 /* UIView+ext.swift */,
			);
			path = extensions;
			sourceTree = "<group>";
		};
		B37C0CD22B637C7700FC1C58 /* View */ = {
			isa = PBXGroup;
			children = (
				B37C0CD32B637CAC00FC1C58 /* PugCollectionViewCell.swift */,
			);
			path = View;
			sourceTree = "<group>";
		};
		B37C0CD72B638A1700FC1C58 /* Datasource */ = {
			isa = PBXGroup;
			children = (
				B37C0CE42B6397FC00FC1C58 /* Errors */,
				B37C0CEC2B63998800FC1C58 /* Datasource.swift */,
			);
			path = Datasource;
			sourceTree = "<group>";
		};
		B37C0CD82B63951C00FC1C58 /* Model */ = {
			isa = PBXGroup;
			children = (
				B37C0CDB2B63956E00FC1C58 /* Response */,
				B37C0CDC2B63958600FC1C58 /* PugModel.swift */,
			);
			path = Model;
			sourceTree = "<group>";
		};
		B37C0CDB2B63956E00FC1C58 /* Response */ = {
			isa = PBXGroup;
			children = (
				B37C0CD92B63953200FC1C58 /* PugData.swift */,
			);
			path = Response;
			sourceTree = "<group>";
		};
		B37C0CDE2B63968900FC1C58 /* Services */ = {
			isa = PBXGroup;
			children = (
				B37C0CE72B63986D00FC1C58 /* Protocols */,
				B37C0CDF2B6396A400FC1C58 /* FetchDataService.swift */,
			);
			path = Services;
			sourceTree = "<group>";
		};
		B37C0CE12B6396DB00FC1C58 /* Utils */ = {
			isa = PBXGroup;
			children = (
				B37C0CE22B63970E00FC1C58 /* JsonReader.swift */,
				B37C0CF12B63A07F00FC1C58 /* ObservableObject.swift */,
			);
			path = Utils;
			sourceTree = "<group>";
		};
		B37C0CE42B6397FC00FC1C58 /* Errors */ = {
			isa = PBXGroup;
			children = (
				B37C0CE52B63980B00FC1C58 /* WebError.swift */,
			);
			path = Errors;
			sourceTree = "<group>";
		};
		B37C0CE72B63986D00FC1C58 /* Protocols */ = {
			isa = PBXGroup;
			children = (
				B37C0CE82B63988500FC1C58 /* FetchDataProtocol.swift */,
				B37C0CEA2B6398D400FC1C58 /* WebUrlProtocol.swift */,
			);
			path = Protocols;
			sourceTree = "<group>";
		};
		B37C0CEE2B639FA400FC1C58 /* ViewModel */ = {
			isa = PBXGroup;
			children = (
				B37C0CEF2B63A02200FC1C58 /* MainVCViewModel.swift */,
				B37C0CF32B63A56500FC1C58 /* PugViewModel.swift */,
			);
			path = ViewModel;
			sourceTree = "<group>";
		};
/* End PBXGroup section */

/* Begin PBXNativeTarget section */
		B37C0CB52B636B3B00FC1C58 /* Solvedex Challenge */ = {
			isa = PBXNativeTarget;
			buildConfigurationList = B37C0CCA2B636B3D00FC1C58 /* Build configuration list for PBXNativeTarget "Solvedex Challenge" */;
			buildPhases = (
				B37C0CB22B636B3B00FC1C58 /* Sources */,
				B37C0CB32B636B3B00FC1C58 /* Frameworks */,
				B37C0CB42B636B3B00FC1C58 /* Resources */,
			);
			buildRules = (
			);
			dependencies = (
			);
			name = "Solvedex Challenge";
			packageProductDependencies = (
				B37C0CF62B63ACA800FC1C58 /* Kingfisher */,
			);
			productName = "Solvedex Challenge";
			productReference = B37C0CB62B636B3B00FC1C58 /* Solvedex Challenge.app */;
			productType = "com.apple.product-type.application";
		};
/* End PBXNativeTarget section */

/* Begin PBXProject section */
		B37C0CAE2B636B3B00FC1C58 /* Project object */ = {
			isa = PBXProject;
			attributes = {
				BuildIndependentTargetsInParallel = 1;
				LastSwiftUpdateCheck = 1520;
				LastUpgradeCheck = 1520;
				TargetAttributes = {
					B37C0CB52B636B3B00FC1C58 = {
						CreatedOnToolsVersion = 15.2;
					};
				};
			};
			buildConfigurationList = B37C0CB12B636B3B00FC1C58 /* Build configuration list for PBXProject "Solvedex Challenge" */;
			compatibilityVersion = "Xcode 14.0";
			developmentRegion = en;
			hasScannedForEncodings = 0;
			knownRegions = (
				en,
				Base,
			);
			mainGroup = B37C0CAD2B636B3B00FC1C58;
			packageReferences = (
				B37C0CF52B63ACA800FC1C58 /* XCRemoteSwiftPackageReference "Kingfisher" */,
			);
			productRefGroup = B37C0CB72B636B3B00FC1C58 /* Products */;
			projectDirPath = "";
			projectRoot = "";
			targets = (
				B37C0CB52B636B3B00FC1C58 /* Solvedex Challenge */,
			);
		};
/* End PBXProject section */

/* Begin PBXResourcesBuildPhase section */
		B37C0CB42B636B3B00FC1C58 /* Resources */ = {
			isa = PBXResourcesBuildPhase;
			buildActionMask = 2147483647;
			files = (
				B37C0CC62B636B3D00FC1C58 /* LaunchScreen.storyboard in Resources */,
				B37C0CC32B636B3D00FC1C58 /* Assets.xcassets in Resources */,
				B37C0CC12B636B3B00FC1C58 /* Main.storyboard in Resources */,
			);
			runOnlyForDeploymentPostprocessing = 0;
		};
/* End PBXResourcesBuildPhase section */

/* Begin PBXSourcesBuildPhase section */
		B37C0CB22B636B3B00FC1C58 /* Sources */ = {
			isa = PBXSourcesBuildPhase;
			buildActionMask = 2147483647;
			files = (
				B37C0CBE2B636B3B00FC1C58 /* MainViewController.swift in Sources */,
				B37C0CE02B6396A400FC1C58 /* FetchDataService.swift in Sources */,
				B37C0CD42B637CAC00FC1C58 /* PugCollectionViewCell.swift in Sources */,
				B37C0CBA2B636B3B00FC1C58 /* AppDelegate.swift in Sources */,
				B37C0CE92B63988500FC1C58 /* FetchDataProtocol.swift in Sources */,
				B37C0CDA2B63953200FC1C58 /* PugData.swift in Sources */,
				B37C0CED2B63998800FC1C58 /* Datasource.swift in Sources */,
				B37C0CBC2B636B3B00FC1C58 /* SceneDelegate.swift in Sources */,
				B37C0CF02B63A02200FC1C58 /* MainVCViewModel.swift in Sources */,
				B37C0CE32B63970E00FC1C58 /* JsonReader.swift in Sources */,
				B37C0CCE2B636E0D00FC1C58 /* VCPreview.swift in Sources */,
				B37C0CDD2B63958600FC1C58 /* PugModel.swift in Sources */,
				B37C0CD12B63764800FC1C58 /* UIView+ext.swift in Sources */,
				B37C0CF22B63A07F00FC1C58 /* ObservableObject.swift in Sources */,
				B37C0CE62B63980B00FC1C58 /* WebError.swift in Sources */,
				B37C0CEB2B6398D400FC1C58 /* WebUrlProtocol.swift in Sources */,
				B37C0CF42B63A56500FC1C58 /* PugViewModel.swift in Sources */,
			);
			runOnlyForDeploymentPostprocessing = 0;
		};
/* End PBXSourcesBuildPhase section */

/* Begin PBXVariantGroup section */
		B37C0CBF2B636B3B00FC1C58 /* Main.storyboard */ = {
			isa = PBXVariantGroup;
			children = (
				B37C0CC02B636B3B00FC1C58 /* Base */,
			);
			name = Main.storyboard;
			sourceTree = "<group>";
		};
		B37C0CC42B636B3D00FC1C58 /* LaunchScreen.storyboard */ = {
			isa = PBXVariantGroup;
			children = (
				B37C0CC52B636B3D00FC1C58 /* Base */,
			);
			name = LaunchScreen.storyboard;
			sourceTree = "<group>";
		};
/* End PBXVariantGroup section */

/* Begin XCBuildConfiguration section */
		B37C0CC82B636B3D00FC1C58 /* Debug */ = {
			isa = XCBuildConfiguration;
			buildSettings = {
				ALWAYS_SEARCH_USER_PATHS = NO;
				ASSETCATALOG_COMPILER_GENERATE_SWIFT_ASSET_SYMBOL_EXTENSIONS = YES;
				CLANG_ANALYZER_NONNULL = YES;
				CLANG_ANALYZER_NUMBER_OBJECT_CONVERSION = YES_AGGRESSIVE;
				CLANG_CXX_LANGUAGE_STANDARD = "gnu++20";
				CLANG_ENABLE_MODULES = YES;
				CLANG_ENABLE_OBJC_ARC = YES;
				CLANG_ENABLE_OBJC_WEAK = YES;
				CLANG_WARN_BLOCK_CAPTURE_AUTORELEASING = YES;
				CLANG_WARN_BOOL_CONVERSION = YES;
				CLANG_WARN_COMMA = YES;
				CLANG_WARN_CONSTANT_CONVERSION = YES;
				CLANG_WARN_DEPRECATED_OBJC_IMPLEMENTATIONS = YES;
				CLANG_WARN_DIRECT_OBJC_ISA_USAGE = YES_ERROR;
				CLANG_WARN_DOCUMENTATION_COMMENTS = YES;
				CLANG_WARN_EMPTY_BODY = YES;
				CLANG_WARN_ENUM_CONVERSION = YES;
				CLANG_WARN_INFINITE_RECURSION = YES;
				CLANG_WARN_INT_CONVERSION = YES;
				CLANG_WARN_NON_LITERAL_NULL_CONVERSION = YES;
				CLANG_WARN_OBJC_IMPLICIT_RETAIN_SELF = YES;
				CLANG_WARN_OBJC_LITERAL_CONVERSION = YES;
				CLANG_WARN_OBJC_ROOT_CLASS = YES_ERROR;
				CLANG_WARN_QUOTED_INCLUDE_IN_FRAMEWORK_HEADER = YES;
				CLANG_WARN_RANGE_LOOP_ANALYSIS = YES;
				CLANG_WARN_STRICT_PROTOTYPES = YES;
				CLANG_WARN_SUSPICIOUS_MOVE = YES;
				CLANG_WARN_UNGUARDED_AVAILABILITY = YES_AGGRESSIVE;
				CLANG_WARN_UNREACHABLE_CODE = YES;
				CLANG_WARN__DUPLICATE_METHOD_MATCH = YES;
				COPY_PHASE_STRIP = NO;
				DEBUG_INFORMATION_FORMAT = dwarf;
				ENABLE_STRICT_OBJC_MSGSEND = YES;
				ENABLE_TESTABILITY = YES;
				ENABLE_USER_SCRIPT_SANDBOXING = YES;
				GCC_C_LANGUAGE_STANDARD = gnu17;
				GCC_DYNAMIC_NO_PIC = NO;
				GCC_NO_COMMON_BLOCKS = YES;
				GCC_OPTIMIZATION_LEVEL = 0;
				GCC_PREPROCESSOR_DEFINITIONS = (
					"DEBUG=1",
					"$(inherited)",
				);
				GCC_WARN_64_TO_32_BIT_CONVERSION = YES;
				GCC_WARN_ABOUT_RETURN_TYPE = YES_ERROR;
				GCC_WARN_UNDECLARED_SELECTOR = YES;
				GCC_WARN_UNINITIALIZED_AUTOS = YES_AGGRESSIVE;
				GCC_WARN_UNUSED_FUNCTION = YES;
				GCC_WARN_UNUSED_VARIABLE = YES;
				IPHONEOS_DEPLOYMENT_TARGET = 17.2;
				LOCALIZATION_PREFERS_STRING_CATALOGS = YES;
				MTL_ENABLE_DEBUG_INFO = INCLUDE_SOURCE;
				MTL_FAST_MATH = YES;
				ONLY_ACTIVE_ARCH = YES;
				SDKROOT = iphoneos;
				SWIFT_ACTIVE_COMPILATION_CONDITIONS = "DEBUG $(inherited)";
				SWIFT_OPTIMIZATION_LEVEL = "-Onone";
			};
			name = Debug;
		};
		B37C0CC92B636B3D00FC1C58 /* Release */ = {
			isa = XCBuildConfiguration;
			buildSettings = {
				ALWAYS_SEARCH_USER_PATHS = NO;
				ASSETCATALOG_COMPILER_GENERATE_SWIFT_ASSET_SYMBOL_EXTENSIONS = YES;
				CLANG_ANALYZER_NONNULL = YES;
				CLANG_ANALYZER_NUMBER_OBJECT_CONVERSION = YES_AGGRESSIVE;
				CLANG_CXX_LANGUAGE_STANDARD = "gnu++20";
				CLANG_ENABLE_MODULES = YES;
				CLANG_ENABLE_OBJC_ARC = YES;
				CLANG_ENABLE_OBJC_WEAK = YES;
				CLANG_WARN_BLOCK_CAPTURE_AUTORELEASING = YES;
				CLANG_WARN_BOOL_CONVERSION = YES;
				CLANG_WARN_COMMA = YES;
				CLANG_WARN_CONSTANT_CONVERSION = YES;
				CLANG_WARN_DEPRECATED_OBJC_IMPLEMENTATIONS = YES;
				CLANG_WARN_DIRECT_OBJC_ISA_USAGE = YES_ERROR;
				CLANG_WARN_DOCUMENTATION_COMMENTS = YES;
				CLANG_WARN_EMPTY_BODY = YES;
				CLANG_WARN_ENUM_CONVERSION = YES;
				CLANG_WARN_INFINITE_RECURSION = YES;
				CLANG_WARN_INT_CONVERSION = YES;
				CLANG_WARN_NON_LITERAL_NULL_CONVERSION = YES;
				CLANG_WARN_OBJC_IMPLICIT_RETAIN_SELF = YES;
				CLANG_WARN_OBJC_LITERAL_CONVERSION = YES;
				CLANG_WARN_OBJC_ROOT_CLASS = YES_ERROR;
				CLANG_WARN_QUOTED_INCLUDE_IN_FRAMEWORK_HEADER = YES;
				CLANG_WARN_RANGE_LOOP_ANALYSIS = YES;
				CLANG_WARN_STRICT_PROTOTYPES = YES;
				CLANG_WARN_SUSPICIOUS_MOVE = YES;
				CLANG_WARN_UNGUARDED_AVAILABILITY = YES_AGGRESSIVE;
				CLANG_WARN_UNREACHABLE_CODE = YES;
				CLANG_WARN__DUPLICATE_METHOD_MATCH = YES;
				COPY_PHASE_STRIP = NO;
				DEBUG_INFORMATION_FORMAT = "dwarf-with-dsym";
				ENABLE_NS_ASSERTIONS = NO;
				ENABLE_STRICT_OBJC_MSGSEND = YES;
				ENABLE_USER_SCRIPT_SANDBOXING = YES;
				GCC_C_LANGUAGE_STANDARD = gnu17;
				GCC_NO_COMMON_BLOCKS = YES;
				GCC_WARN_64_TO_32_BIT_CONVERSION = YES;
				GCC_WARN_ABOUT_RETURN_TYPE = YES_ERROR;
				GCC_WARN_UNDECLARED_SELECTOR = YES;
				GCC_WARN_UNINITIALIZED_AUTOS = YES_AGGRESSIVE;
				GCC_WARN_UNUSED_FUNCTION = YES;
				GCC_WARN_UNUSED_VARIABLE = YES;
				IPHONEOS_DEPLOYMENT_TARGET = 17.2;
				LOCALIZATION_PREFERS_STRING_CATALOGS = YES;
				MTL_ENABLE_DEBUG_INFO = NO;
				MTL_FAST_MATH = YES;
				SDKROOT = iphoneos;
				SWIFT_COMPILATION_MODE = wholemodule;
				VALIDATE_PRODUCT = YES;
			};
			name = Release;
		};
		B37C0CCB2B636B3D00FC1C58 /* Debug */ = {
			isa = XCBuildConfiguration;
			buildSettings = {
				ASSETCATALOG_COMPILER_APPICON_NAME = AppIcon;
				ASSETCATALOG_COMPILER_GLOBAL_ACCENT_COLOR_NAME = AccentColor;
				CODE_SIGN_STYLE = Automatic;
				CURRENT_PROJECT_VERSION = 1;
				DEVELOPMENT_TEAM = DFGF3RJ9TV;
				GENERATE_INFOPLIST_FILE = YES;
				INFOPLIST_FILE = "Solvedex Challenge/Info.plist";
				INFOPLIST_KEY_UIApplicationSupportsIndirectInputEvents = YES;
				INFOPLIST_KEY_UILaunchStoryboardName = LaunchScreen;
				INFOPLIST_KEY_UISupportedInterfaceOrientations_iPad = "UIInterfaceOrientationPortrait UIInterfaceOrientationPortraitUpsideDown UIInterfaceOrientationLandscapeLeft UIInterfaceOrientationLandscapeRight";
				INFOPLIST_KEY_UISupportedInterfaceOrientations_iPhone = "UIInterfaceOrientationPortrait UIInterfaceOrientationLandscapeLeft UIInterfaceOrientationLandscapeRight";
				LD_RUNPATH_SEARCH_PATHS = (
					"$(inherited)",
					"@executable_path/Frameworks",
				);
				MARKETING_VERSION = 1.0;
				PRODUCT_BUNDLE_IDENTIFIER = "com.jcamilo260.Solvedex-Challenge";
				PRODUCT_NAME = "$(TARGET_NAME)";
				SWIFT_EMIT_LOC_STRINGS = YES;
				SWIFT_VERSION = 5.0;
				TARGETED_DEVICE_FAMILY = "1,2";
			};
			name = Debug;
		};
		B37C0CCC2B636B3D00FC1C58 /* Release */ = {
			isa = XCBuildConfiguration;
			buildSettings = {
				ASSETCATALOG_COMPILER_APPICON_NAME = AppIcon;
				ASSETCATALOG_COMPILER_GLOBAL_ACCENT_COLOR_NAME = AccentColor;
				CODE_SIGN_STYLE = Automatic;
				CURRENT_PROJECT_VERSION = 1;
				DEVELOPMENT_TEAM = DFGF3RJ9TV;
				GENERATE_INFOPLIST_FILE = YES;
				INFOPLIST_FILE = "Solvedex Challenge/Info.plist";
				INFOPLIST_KEY_UIApplicationSupportsIndirectInputEvents = YES;
				INFOPLIST_KEY_UILaunchStoryboardName = LaunchScreen;
				INFOPLIST_KEY_UISupportedInterfaceOrientations_iPad = "UIInterfaceOrientationPortrait UIInterfaceOrientationPortraitUpsideDown UIInterfaceOrientationLandscapeLeft UIInterfaceOrientationLandscapeRight";
				INFOPLIST_KEY_UISupportedInterfaceOrientations_iPhone = "UIInterfaceOrientationPortrait UIInterfaceOrientationLandscapeLeft UIInterfaceOrientationLandscapeRight";
				LD_RUNPATH_SEARCH_PATHS = (
					"$(inherited)",
					"@executable_path/Frameworks",
				);
				MARKETING_VERSION = 1.0;
				PRODUCT_BUNDLE_IDENTIFIER = "com.jcamilo260.Solvedex-Challenge";
				PRODUCT_NAME = "$(TARGET_NAME)";
				SWIFT_EMIT_LOC_STRINGS = YES;
				SWIFT_VERSION = 5.0;
				TARGETED_DEVICE_FAMILY = "1,2";
			};
			name = Release;
		};
/* End XCBuildConfiguration section */

/* Begin XCConfigurationList section */
		B37C0CB12B636B3B00FC1C58 /* Build configuration list for PBXProject "Solvedex Challenge" */ = {
			isa = XCConfigurationList;
			buildConfigurations = (
				B37C0CC82B636B3D00FC1C58 /* Debug */,
				B37C0CC92B636B3D00FC1C58 /* Release */,
			);
			defaultConfigurationIsVisible = 0;
			defaultConfigurationName = Release;
		};
		B37C0CCA2B636B3D00FC1C58 /* Build configuration list for PBXNativeTarget "Solvedex Challenge" */ = {
			isa = XCConfigurationList;
			buildConfigurations = (
				B37C0CCB2B636B3D00FC1C58 /* Debug */,
				B37C0CCC2B636B3D00FC1C58 /* Release */,
			);
			defaultConfigurationIsVisible = 0;
			defaultConfigurationName = Release;
		};
/* End XCConfigurationList section */

/* Begin XCRemoteSwiftPackageReference section */
		B37C0CF52B63ACA800FC1C58 /* XCRemoteSwiftPackageReference "Kingfisher" */ = {
			isa = XCRemoteSwiftPackageReference;
			repositoryURL = "https://github.com/onevcat/Kingfisher.git";
			requirement = {
				kind = upToNextMajorVersion;
				minimumVersion = 7.10.2;
			};
		};
/* End XCRemoteSwiftPackageReference section */

/* Begin XCSwiftPackageProductDependency section */
		B37C0CF62B63ACA800FC1C58 /* Kingfisher */ = {
			isa = XCSwiftPackageProductDependency;
			package = B37C0CF52B63ACA800FC1C58 /* XCRemoteSwiftPackageReference "Kingfisher" */;
			productName = Kingfisher;
		};
/* End XCSwiftPackageProductDependency section */
	};
	rootObject = B37C0CAE2B636B3B00FC1C58 /* Project object */;
}
